// !$*UTF8*$!
{
	archiveVersion = 1;
	classes = {
	};
	objectVersion = 56;
	objects = {

/* Begin PBXBuildFile section */
		543C2D452C7C08440088506F /* Item.swift in Sources */ = {isa = PBXBuildFile; fileRef = 543C2D442C7C08440088506F /* Item.swift */; };
		548B3ADA2C7C06DA00FA46BD /* ContentView.swift in Sources */ = {isa = PBXBuildFile; fileRef = 54C70BB12C7BBA2B00AFF32B /* ContentView.swift */; };
		54C70BB02C7BBA2B00AFF32B /* BudgetBuddyApp.swift in Sources */ = {isa = PBXBuildFile; fileRef = 54C70BAF2C7BBA2B00AFF32B /* BudgetBuddyApp.swift */; };
		54C70BB62C7BBA2C00AFF32B /* Assets.xcassets in Resources */ = {isa = PBXBuildFile; fileRef = 54C70BB52C7BBA2C00AFF32B /* Assets.xcassets */; };
		54C70BB92C7BBA2C00AFF32B /* Preview Assets.xcassets in Resources */ = {isa = PBXBuildFile; fileRef = 54C70BB82C7BBA2C00AFF32B /* Preview Assets.xcassets */; };
		54C70BC02C7C033B00AFF32B /* EmailSender.swift in Sources */ = {isa = PBXBuildFile; fileRef = 54C70BBF2C7C033B00AFF32B /* EmailSender.swift */; };
		54C70BC22C7C03EF00AFF32B /* CustomTabBar.swift in Sources */ = {isa = PBXBuildFile; fileRef = 54C70BC12C7C03EF00AFF32B /* CustomTabBar.swift */; };
		54C70BC42C7C040300AFF32B /* HomeView.swift in Sources */ = {isa = PBXBuildFile; fileRef = 54C70BC32C7C040300AFF32B /* HomeView.swift */; };
		54C70BC62C7C041800AFF32B /* SpendingList.swift in Sources */ = {isa = PBXBuildFile; fileRef = 54C70BC52C7C041800AFF32B /* SpendingList.swift */; };
		54C70BC82C7C042B00AFF32B /* NewSpendingPopUpView.swift in Sources */ = {isa = PBXBuildFile; fileRef = 54C70BC72C7C042B00AFF32B /* NewSpendingPopUpView.swift */; };
		54C70BCA2C7C043900AFF32B /* SettingsPopUpView.swift in Sources */ = {isa = PBXBuildFile; fileRef = 54C70BC92C7C043900AFF32B /* SettingsPopUpView.swift */; };
/* End PBXBuildFile section */

/* Begin PBXFileReference section */
		543C2D442C7C08440088506F /* Item.swift */ = {isa = PBXFileReference; lastKnownFileType = sourcecode.swift; path = Item.swift; sourceTree = "<group>"; };
		54C70BAC2C7BBA2B00AFF32B /* BudgetBuddy.app */ = {isa = PBXFileReference; explicitFileType = wrapper.application; includeInIndex = 0; path = BudgetBuddy.app; sourceTree = BUILT_PRODUCTS_DIR; };
		54C70BAF2C7BBA2B00AFF32B /* BudgetBuddyApp.swift */ = {isa = PBXFileReference; lastKnownFileType = sourcecode.swift; path = BudgetBuddyApp.swift; sourceTree = "<group>"; };
		54C70BB12C7BBA2B00AFF32B /* ContentView.swift */ = {isa = PBXFileReference; lastKnownFileType = sourcecode.swift; path = ContentView.swift; sourceTree = "<group>"; tabWidth = 4; };
		54C70BB52C7BBA2C00AFF32B /* Assets.xcassets */ = {isa = PBXFileReference; lastKnownFileType = folder.assetcatalog; path = Assets.xcassets; sourceTree = "<group>"; };
		54C70BB82C7BBA2C00AFF32B /* Preview Assets.xcassets */ = {isa = PBXFileReference; lastKnownFileType = folder.assetcatalog; path = "Preview Assets.xcassets"; sourceTree = "<group>"; };
		54C70BBF2C7C033B00AFF32B /* EmailSender.swift */ = {isa = PBXFileReference; lastKnownFileType = sourcecode.swift; path = EmailSender.swift; sourceTree = "<group>"; };
		54C70BC12C7C03EF00AFF32B /* CustomTabBar.swift */ = {isa = PBXFileReference; lastKnownFileType = sourcecode.swift; path = CustomTabBar.swift; sourceTree = "<group>"; };
		54C70BC32C7C040300AFF32B /* HomeView.swift */ = {isa = PBXFileReference; lastKnownFileType = sourcecode.swift; path = HomeView.swift; sourceTree = "<group>"; };
		54C70BC52C7C041800AFF32B /* SpendingList.swift */ = {isa = PBXFileReference; lastKnownFileType = sourcecode.swift; path = SpendingList.swift; sourceTree = "<group>"; };
		54C70BC72C7C042B00AFF32B /* NewSpendingPopUpView.swift */ = {isa = PBXFileReference; lastKnownFileType = sourcecode.swift; path = NewSpendingPopUpView.swift; sourceTree = "<group>"; };
		54C70BC92C7C043900AFF32B /* SettingsPopUpView.swift */ = {isa = PBXFileReference; lastKnownFileType = sourcecode.swift; path = SettingsPopUpView.swift; sourceTree = "<group>"; };
/* End PBXFileReference section */

/* Begin PBXFrameworksBuildPhase section */
		54C70BA92C7BBA2B00AFF32B /* Frameworks */ = {
			isa = PBXFrameworksBuildPhase;
			buildActionMask = 2147483647;
			files = (
			);
			runOnlyForDeploymentPostprocessing = 0;
		};
/* End PBXFrameworksBuildPhase section */

/* Begin PBXGroup section */
		54C70BA32C7BBA2B00AFF32B = {
			isa = PBXGroup;
			children = (
				54C70BAE2C7BBA2B00AFF32B /* BudgetBuddy */,
				54C70BAD2C7BBA2B00AFF32B /* Products */,
			);
			sourceTree = "<group>";
		};
		54C70BAD2C7BBA2B00AFF32B /* Products */ = {
			isa = PBXGroup;
			children = (
				54C70BAC2C7BBA2B00AFF32B /* BudgetBuddy.app */,
			);
			name = Products;
			sourceTree = "<group>";
		};
		54C70BAE2C7BBA2B00AFF32B /* BudgetBuddy */ = {
			isa = PBXGroup;
			children = (
				54C70BAF2C7BBA2B00AFF32B /* BudgetBuddyApp.swift */,
				54C70BB12C7BBA2B00AFF32B /* ContentView.swift */,
				54C70BC12C7C03EF00AFF32B /* CustomTabBar.swift */,
				54C70BC32C7C040300AFF32B /* HomeView.swift */,
				54C70BC52C7C041800AFF32B /* SpendingList.swift */,
				54C70BC72C7C042B00AFF32B /* NewSpendingPopUpView.swift */,
				54C70BC92C7C043900AFF32B /* SettingsPopUpView.swift */,
				54C70BBF2C7C033B00AFF32B /* EmailSender.swift */,
				543C2D442C7C08440088506F /* Item.swift */,
				54C70BB52C7BBA2C00AFF32B /* Assets.xcassets */,
				54C70BB72C7BBA2C00AFF32B /* Preview Content */,
			);
			path = BudgetBuddy;
			sourceTree = "<group>";
		};
		54C70BB72C7BBA2C00AFF32B /* Preview Content */ = {
			isa = PBXGroup;
			children = (
				54C70BB82C7BBA2C00AFF32B /* Preview Assets.xcassets */,
			);
			path = "Preview Content";
			sourceTree = "<group>";
		};
/* End PBXGroup section */

/* Begin PBXNativeTarget section */
		54C70BAB2C7BBA2B00AFF32B /* BudgetBuddy */ = {
			isa = PBXNativeTarget;
			buildConfigurationList = 54C70BBC2C7BBA2C00AFF32B /* Build configuration list for PBXNativeTarget "BudgetBuddy" */;
			buildPhases = (
				54C70BA82C7BBA2B00AFF32B /* Sources */,
				54C70BA92C7BBA2B00AFF32B /* Frameworks */,
				54C70BAA2C7BBA2B00AFF32B /* Resources */,
			);
			buildRules = (
			);
			dependencies = (
			);
			name = BudgetBuddy;
			productName = BudgetBuddy;
			productReference = 54C70BAC2C7BBA2B00AFF32B /* BudgetBuddy.app */;
			productType = "com.apple.product-type.application";
		};
/* End PBXNativeTarget section */

/* Begin PBXProject section */
		54C70BA42C7BBA2B00AFF32B /* Project object */ = {
			isa = PBXProject;
			attributes = {
				BuildIndependentTargetsInParallel = 1;
				LastSwiftUpdateCheck = 1540;
				LastUpgradeCheck = 1540;
				TargetAttributes = {
					54C70BAB2C7BBA2B00AFF32B = {
						CreatedOnToolsVersion = 15.4;
					};
				};
			};
			buildConfigurationList = 54C70BA72C7BBA2B00AFF32B /* Build configuration list for PBXProject "BudgetBuddy" */;
			compatibilityVersion = "Xcode 14.0";
			developmentRegion = en;
			hasScannedForEncodings = 0;
			knownRegions = (
				en,
				Base,
			);
			mainGroup = 54C70BA32C7BBA2B00AFF32B;
			productRefGroup = 54C70BAD2C7BBA2B00AFF32B /* Products */;
			projectDirPath = "";
			projectRoot = "";
			targets = (
				54C70BAB2C7BBA2B00AFF32B /* BudgetBuddy */,
			);
		};
/* End PBXProject section */

/* Begin PBXResourcesBuildPhase section */
		54C70BAA2C7BBA2B00AFF32B /* Resources */ = {
			isa = PBXResourcesBuildPhase;
			buildActionMask = 2147483647;
			files = (
				54C70BB92C7BBA2C00AFF32B /* Preview Assets.xcassets in Resources */,
				54C70BB62C7BBA2C00AFF32B /* Assets.xcassets in Resources */,
			);
			runOnlyForDeploymentPostprocessing = 0;
		};
/* End PBXResourcesBuildPhase section */

/* Begin PBXSourcesBuildPhase section */
		54C70BA82C7BBA2B00AFF32B /* Sources */ = {
			isa = PBXSourcesBuildPhase;
			buildActionMask = 2147483647;
			files = (
				54C70BCA2C7C043900AFF32B /* SettingsPopUpView.swift in Sources */,
				543C2D452C7C08440088506F /* Item.swift in Sources */,
				54C70BC22C7C03EF00AFF32B /* CustomTabBar.swift in Sources */,
				54C70BC02C7C033B00AFF32B /* EmailSender.swift in Sources */,
				54C70BC42C7C040300AFF32B /* HomeView.swift in Sources */,
				548B3ADA2C7C06DA00FA46BD /* ContentView.swift in Sources */,
				54C70BC62C7C041800AFF32B /* SpendingList.swift in Sources */,
				54C70BC82C7C042B00AFF32B /* NewSpendingPopUpView.swift in Sources */,
				54C70BB02C7BBA2B00AFF32B /* BudgetBuddyApp.swift in Sources */,
			);
			runOnlyForDeploymentPostprocessing = 0;
		};
/* End PBXSourcesBuildPhase section */

/* Begin XCBuildConfiguration section */
		54C70BBA2C7BBA2C00AFF32B /* Debug */ = {
			isa = XCBuildConfiguration;
			buildSettings = {
				ALWAYS_SEARCH_USER_PATHS = NO;
				ASSETCATALOG_COMPILER_GENERATE_SWIFT_ASSET_SYMBOL_EXTENSIONS = YES;
				CLANG_ANALYZER_NONNULL = YES;
				CLANG_ANALYZER_NUMBER_OBJECT_CONVERSION = YES_AGGRESSIVE;
				CLANG_CXX_LANGUAGE_STANDARD = "gnu++20";
				CLANG_ENABLE_MODULES = YES;
				CLANG_ENABLE_OBJC_ARC = YES;
				CLANG_ENABLE_OBJC_WEAK = YES;
				CLANG_WARN_BLOCK_CAPTURE_AUTORELEASING = YES;
				CLANG_WARN_BOOL_CONVERSION = YES;
				CLANG_WARN_COMMA = YES;
				CLANG_WARN_CONSTANT_CONVERSION = YES;
				CLANG_WARN_DEPRECATED_OBJC_IMPLEMENTATIONS = YES;
				CLANG_WARN_DIRECT_OBJC_ISA_USAGE = YES_ERROR;
				CLANG_WARN_DOCUMENTATION_COMMENTS = YES;
				CLANG_WARN_EMPTY_BODY = YES;
				CLANG_WARN_ENUM_CONVERSION = YES;
				CLANG_WARN_INFINITE_RECURSION = YES;
				CLANG_WARN_INT_CONVERSION = YES;
				CLANG_WARN_NON_LITERAL_NULL_CONVERSION = YES;
				CLANG_WARN_OBJC_IMPLICIT_RETAIN_SELF = YES;
				CLANG_WARN_OBJC_LITERAL_CONVERSION = YES;
				CLANG_WARN_OBJC_ROOT_CLASS = YES_ERROR;
				CLANG_WARN_QUOTED_INCLUDE_IN_FRAMEWORK_HEADER = YES;
				CLANG_WARN_RANGE_LOOP_ANALYSIS = YES;
				CLANG_WARN_STRICT_PROTOTYPES = YES;
				CLANG_WARN_SUSPICIOUS_MOVE = YES;
				CLANG_WARN_UNGUARDED_AVAILABILITY = YES_AGGRESSIVE;
				CLANG_WARN_UNREACHABLE_CODE = YES;
				CLANG_WARN__DUPLICATE_METHOD_MATCH = YES;
				COPY_PHASE_STRIP = NO;
				DEBUG_INFORMATION_FORMAT = dwarf;
				ENABLE_STRICT_OBJC_MSGSEND = YES;
				ENABLE_TESTABILITY = YES;
				ENABLE_USER_SCRIPT_SANDBOXING = YES;
				GCC_C_LANGUAGE_STANDARD = gnu17;
				GCC_DYNAMIC_NO_PIC = NO;
				GCC_NO_COMMON_BLOCKS = YES;
				GCC_OPTIMIZATION_LEVEL = 0;
				GCC_PREPROCESSOR_DEFINITIONS = (
					"DEBUG=1",
					"$(inherited)",
				);
				GCC_WARN_64_TO_32_BIT_CONVERSION = YES;
				GCC_WARN_ABOUT_RETURN_TYPE = YES_ERROR;
				GCC_WARN_UNDECLARED_SELECTOR = YES;
				GCC_WARN_UNINITIALIZED_AUTOS = YES_AGGRESSIVE;
				GCC_WARN_UNUSED_FUNCTION = YES;
				GCC_WARN_UNUSED_VARIABLE = YES;
				IPHONEOS_DEPLOYMENT_TARGET = 17.5;
				LOCALIZATION_PREFERS_STRING_CATALOGS = YES;
				MTL_ENABLE_DEBUG_INFO = INCLUDE_SOURCE;
				MTL_FAST_MATH = YES;
				ONLY_ACTIVE_ARCH = YES;
				SDKROOT = iphoneos;
				SWIFT_ACTIVE_COMPILATION_CONDITIONS = "DEBUG $(inherited)";
				SWIFT_OPTIMIZATION_LEVEL = "-Onone";
			};
			name = Debug;
		};
		54C70BBB2C7BBA2C00AFF32B /* Release */ = {
			isa = XCBuildConfiguration;
			buildSettings = {
				ALWAYS_SEARCH_USER_PATHS = NO;
				ASSETCATALOG_COMPILER_GENERATE_SWIFT_ASSET_SYMBOL_EXTENSIONS = YES;
				CLANG_ANALYZER_NONNULL = YES;
				CLANG_ANALYZER_NUMBER_OBJECT_CONVERSION = YES_AGGRESSIVE;
				CLANG_CXX_LANGUAGE_STANDARD = "gnu++20";
				CLANG_ENABLE_MODULES = YES;
				CLANG_ENABLE_OBJC_ARC = YES;
				CLANG_ENABLE_OBJC_WEAK = YES;
				CLANG_WARN_BLOCK_CAPTURE_AUTORELEASING = YES;
				CLANG_WARN_BOOL_CONVERSION = YES;
				CLANG_WARN_COMMA = YES;
				CLANG_WARN_CONSTANT_CONVERSION = YES;
				CLANG_WARN_DEPRECATED_OBJC_IMPLEMENTATIONS = YES;
				CLANG_WARN_DIRECT_OBJC_ISA_USAGE = YES_ERROR;
				CLANG_WARN_DOCUMENTATION_COMMENTS = YES;
				CLANG_WARN_EMPTY_BODY = YES;
				CLANG_WARN_ENUM_CONVERSION = YES;
				CLANG_WARN_INFINITE_RECURSION = YES;
				CLANG_WARN_INT_CONVERSION = YES;
				CLANG_WARN_NON_LITERAL_NULL_CONVERSION = YES;
				CLANG_WARN_OBJC_IMPLICIT_RETAIN_SELF = YES;
				CLANG_WARN_OBJC_LITERAL_CONVERSION = YES;
				CLANG_WARN_OBJC_ROOT_CLASS = YES_ERROR;
				CLANG_WARN_QUOTED_INCLUDE_IN_FRAMEWORK_HEADER = YES;
				CLANG_WARN_RANGE_LOOP_ANALYSIS = YES;
				CLANG_WARN_STRICT_PROTOTYPES = YES;
				CLANG_WARN_SUSPICIOUS_MOVE = YES;
				CLANG_WARN_UNGUARDED_AVAILABILITY = YES_AGGRESSIVE;
				CLANG_WARN_UNREACHABLE_CODE = YES;
				CLANG_WARN__DUPLICATE_METHOD_MATCH = YES;
				COPY_PHASE_STRIP = NO;
				DEBUG_INFORMATION_FORMAT = "dwarf-with-dsym";
				ENABLE_NS_ASSERTIONS = NO;
				ENABLE_STRICT_OBJC_MSGSEND = YES;
				ENABLE_USER_SCRIPT_SANDBOXING = YES;
				GCC_C_LANGUAGE_STANDARD = gnu17;
				GCC_NO_COMMON_BLOCKS = YES;
				GCC_WARN_64_TO_32_BIT_CONVERSION = YES;
				GCC_WARN_ABOUT_RETURN_TYPE = YES_ERROR;
				GCC_WARN_UNDECLARED_SELECTOR = YES;
				GCC_WARN_UNINITIALIZED_AUTOS = YES_AGGRESSIVE;
				GCC_WARN_UNUSED_FUNCTION = YES;
				GCC_WARN_UNUSED_VARIABLE = YES;
				IPHONEOS_DEPLOYMENT_TARGET = 17.5;
				LOCALIZATION_PREFERS_STRING_CATALOGS = YES;
				MTL_ENABLE_DEBUG_INFO = NO;
				MTL_FAST_MATH = YES;
				SDKROOT = iphoneos;
				SWIFT_COMPILATION_MODE = wholemodule;
				VALIDATE_PRODUCT = YES;
			};
			name = Release;
		};
		54C70BBD2C7BBA2C00AFF32B /* Debug */ = {
			isa = XCBuildConfiguration;
			buildSettings = {
				ASSETCATALOG_COMPILER_APPICON_NAME = AppIcon;
				ASSETCATALOG_COMPILER_GLOBAL_ACCENT_COLOR_NAME = AccentColor;
				CODE_SIGN_STYLE = Automatic;
				CURRENT_PROJECT_VERSION = 1;
				DEVELOPMENT_ASSET_PATHS = "\"BudgetBuddy/Preview Content\"";
				DEVELOPMENT_TEAM = M7C328D9C2;
				ENABLE_PREVIEWS = YES;
				GENERATE_INFOPLIST_FILE = YES;
				INFOPLIST_KEY_UIApplicationSceneManifest_Generation = YES;
				INFOPLIST_KEY_UIApplicationSupportsIndirectInputEvents = YES;
				INFOPLIST_KEY_UILaunchScreen_Generation = YES;
				INFOPLIST_KEY_UISupportedInterfaceOrientations_iPad = "UIInterfaceOrientationPortrait UIInterfaceOrientationPortraitUpsideDown UIInterfaceOrientationLandscapeLeft UIInterfaceOrientationLandscapeRight";
				INFOPLIST_KEY_UISupportedInterfaceOrientations_iPhone = "UIInterfaceOrientationPortrait UIInterfaceOrientationLandscapeLeft UIInterfaceOrientationLandscapeRight";
				LD_RUNPATH_SEARCH_PATHS = (
					"$(inherited)",
					"@executable_path/Frameworks",
				);
				MARKETING_VERSION = 1.0;
				PRODUCT_BUNDLE_IDENTIFIER = com.shichenliu.BudgetBuddy;
				PRODUCT_NAME = "$(TARGET_NAME)";
				SWIFT_EMIT_LOC_STRINGS = YES;
				SWIFT_VERSION = 5.0;
				TARGETED_DEVICE_FAMILY = "1,2";
			};
			name = Debug;
		};
		54C70BBE2C7BBA2C00AFF32B /* Release */ = {
			isa = XCBuildConfiguration;
			buildSettings = {
				ASSETCATALOG_COMPILER_APPICON_NAME = AppIcon;
				ASSETCATALOG_COMPILER_GLOBAL_ACCENT_COLOR_NAME = AccentColor;
				CODE_SIGN_STYLE = Automatic;
				CURRENT_PROJECT_VERSION = 1;
				DEVELOPMENT_ASSET_PATHS = "\"BudgetBuddy/Preview Content\"";
				DEVELOPMENT_TEAM = M7C328D9C2;
				ENABLE_PREVIEWS = YES;
				GENERATE_INFOPLIST_FILE = YES;
				INFOPLIST_KEY_UIApplicationSceneManifest_Generation = YES;
				INFOPLIST_KEY_UIApplicationSupportsIndirectInputEvents = YES;
				INFOPLIST_KEY_UILaunchScreen_Generation = YES;
				INFOPLIST_KEY_UISupportedInterfaceOrientations_iPad = "UIInterfaceOrientationPortrait UIInterfaceOrientationPortraitUpsideDown UIInterfaceOrientationLandscapeLeft UIInterfaceOrientationLandscapeRight";
				INFOPLIST_KEY_UISupportedInterfaceOrientations_iPhone = "UIInterfaceOrientationPortrait UIInterfaceOrientationLandscapeLeft UIInterfaceOrientationLandscapeRight";
				LD_RUNPATH_SEARCH_PATHS = (
					"$(inherited)",
					"@executable_path/Frameworks",
				);
				MARKETING_VERSION = 1.0;
				PRODUCT_BUNDLE_IDENTIFIER = com.shichenliu.BudgetBuddy;
				PRODUCT_NAME = "$(TARGET_NAME)";
				SWIFT_EMIT_LOC_STRINGS = YES;
				SWIFT_VERSION = 5.0;
				TARGETED_DEVICE_FAMILY = "1,2";
			};
			name = Release;
		};
/* End XCBuildConfiguration section */

/* Begin XCConfigurationList section */
		54C70BA72C7BBA2B00AFF32B /* Build configuration list for PBXProject "BudgetBuddy" */ = {
			isa = XCConfigurationList;
			buildConfigurations = (
				54C70BBA2C7BBA2C00AFF32B /* Debug */,
				54C70BBB2C7BBA2C00AFF32B /* Release */,
			);
			defaultConfigurationIsVisible = 0;
			defaultConfigurationName = Release;
		};
		54C70BBC2C7BBA2C00AFF32B /* Build configuration list for PBXNativeTarget "BudgetBuddy" */ = {
			isa = XCConfigurationList;
			buildConfigurations = (
				54C70BBD2C7BBA2C00AFF32B /* Debug */,
				54C70BBE2C7BBA2C00AFF32B /* Release */,
			);
			defaultConfigurationIsVisible = 0;
			defaultConfigurationName = Release;
		};
/* End XCConfigurationList section */
	};
	rootObject = 54C70BA42C7BBA2B00AFF32B /* Project object */;
}
